// !$*UTF8*$!
{
	archiveVersion = 1;
	classes = {
	};
	objectVersion = 46;
	objects = {

/* Begin PBXBuildFile section */
		9C4627D318833D9600A3DD6F /* Foundation.framework in Frameworks */ = {isa = PBXBuildFile; fileRef = 9C4627D218833D9600A3DD6F /* Foundation.framework */; };
		9C4627D518833D9600A3DD6F /* CoreGraphics.framework in Frameworks */ = {isa = PBXBuildFile; fileRef = 9C4627D418833D9600A3DD6F /* CoreGraphics.framework */; };
		9C4627D718833D9600A3DD6F /* UIKit.framework in Frameworks */ = {isa = PBXBuildFile; fileRef = 9C4627D618833D9600A3DD6F /* UIKit.framework */; };
		9C4627DD18833D9600A3DD6F /* InfoPlist.strings in Resources */ = {isa = PBXBuildFile; fileRef = 9C4627DB18833D9600A3DD6F /* InfoPlist.strings */; };
		9C4627DF18833D9600A3DD6F /* main.m in Sources */ = {isa = PBXBuildFile; fileRef = 9C4627DE18833D9600A3DD6F /* main.m */; };
		9C4627E318833D9600A3DD6F /* AppDelegate.m in Sources */ = {isa = PBXBuildFile; fileRef = 9C4627E218833D9600A3DD6F /* AppDelegate.m */; };
		9C4627E618833D9600A3DD6F /* Main_iPhone.storyboard in Resources */ = {isa = PBXBuildFile; fileRef = 9C4627E418833D9600A3DD6F /* Main_iPhone.storyboard */; };
		9C4627E918833D9600A3DD6F /* Main_iPad.storyboard in Resources */ = {isa = PBXBuildFile; fileRef = 9C4627E718833D9600A3DD6F /* Main_iPad.storyboard */; };
		9C4627EE18833D9600A3DD6F /* Images.xcassets in Resources */ = {isa = PBXBuildFile; fileRef = 9C4627ED18833D9600A3DD6F /* Images.xcassets */; };
		9C4627F518833D9600A3DD6F /* XCTest.framework in Frameworks */ = {isa = PBXBuildFile; fileRef = 9C4627F418833D9600A3DD6F /* XCTest.framework */; };
		9C4627F618833D9700A3DD6F /* Foundation.framework in Frameworks */ = {isa = PBXBuildFile; fileRef = 9C4627D218833D9600A3DD6F /* Foundation.framework */; };
		9C4627F718833D9700A3DD6F /* UIKit.framework in Frameworks */ = {isa = PBXBuildFile; fileRef = 9C4627D618833D9600A3DD6F /* UIKit.framework */; };
		9C4627FF18833D9700A3DD6F /* InfoPlist.strings in Resources */ = {isa = PBXBuildFile; fileRef = 9C4627FD18833D9700A3DD6F /* InfoPlist.strings */; };
		9C46280118833D9700A3DD6F /* nycTests.m in Sources */ = {isa = PBXBuildFile; fileRef = 9C46280018833D9700A3DD6F /* nycTests.m */; };
		9CBDE80D1883751F001FA2B8 /* icon-29.png in Resources */ = {isa = PBXBuildFile; fileRef = 9CBDE7FA1883751F001FA2B8 /* icon-29.png */; };
		9CBDE80E1883751F001FA2B8 /* icon-29@2x.png in Resources */ = {isa = PBXBuildFile; fileRef = 9CBDE7FB1883751F001FA2B8 /* icon-29@2x.png */; };
		9CBDE80F1883751F001FA2B8 /* icon-57.png in Resources */ = {isa = PBXBuildFile; fileRef = 9CBDE7FC1883751F001FA2B8 /* icon-57.png */; };
		9CBDE8101883751F001FA2B8 /* icon-57@2x.png in Resources */ = {isa = PBXBuildFile; fileRef = 9CBDE7FD1883751F001FA2B8 /* icon-57@2x.png */; };
		9CBDE8111883751F001FA2B8 /* icon-60.png in Resources */ = {isa = PBXBuildFile; fileRef = 9CBDE7FE1883751F001FA2B8 /* icon-60.png */; };
		9CBDE8121883751F001FA2B8 /* icon-60@2x.png in Resources */ = {isa = PBXBuildFile; fileRef = 9CBDE7FF1883751F001FA2B8 /* icon-60@2x.png */; };
		9CBDE8131883751F001FA2B8 /* icon_iPad-29.png in Resources */ = {isa = PBXBuildFile; fileRef = 9CBDE8001883751F001FA2B8 /* icon_iPad-29.png */; };
		9CBDE8141883751F001FA2B8 /* icon_iPad-29@2x.png in Resources */ = {isa = PBXBuildFile; fileRef = 9CBDE8011883751F001FA2B8 /* icon_iPad-29@2x.png */; };
		9CBDE8151883751F001FA2B8 /* icon_iPad-40.png in Resources */ = {isa = PBXBuildFile; fileRef = 9CBDE8021883751F001FA2B8 /* icon_iPad-40.png */; };
		9CBDE8161883751F001FA2B8 /* icon_iPad-40@2x.png in Resources */ = {isa = PBXBuildFile; fileRef = 9CBDE8031883751F001FA2B8 /* icon_iPad-40@2x.png */; };
		9CBDE8171883751F001FA2B8 /* icon_iPad-50.png in Resources */ = {isa = PBXBuildFile; fileRef = 9CBDE8041883751F001FA2B8 /* icon_iPad-50.png */; };
		9CBDE8181883751F001FA2B8 /* icon_iPad-50@2x.png in Resources */ = {isa = PBXBuildFile; fileRef = 9CBDE8051883751F001FA2B8 /* icon_iPad-50@2x.png */; };
		9CBDE8191883751F001FA2B8 /* icon_iPad-72.png in Resources */ = {isa = PBXBuildFile; fileRef = 9CBDE8061883751F001FA2B8 /* icon_iPad-72.png */; };
		9CBDE81A1883751F001FA2B8 /* icon_iPad-72@2x.png in Resources */ = {isa = PBXBuildFile; fileRef = 9CBDE8071883751F001FA2B8 /* icon_iPad-72@2x.png */; };
		9CBDE81B1883751F001FA2B8 /* icon_iPad-76.png in Resources */ = {isa = PBXBuildFile; fileRef = 9CBDE8081883751F001FA2B8 /* icon_iPad-76.png */; };
		9CBDE81C1883751F001FA2B8 /* icon_iPad-76@2x.png in Resources */ = {isa = PBXBuildFile; fileRef = 9CBDE8091883751F001FA2B8 /* icon_iPad-76@2x.png */; };
		9CBDE81D1883751F001FA2B8 /* iconiTunesArtWork-512.png in Resources */ = {isa = PBXBuildFile; fileRef = 9CBDE80A1883751F001FA2B8 /* iconiTunesArtWork-512.png */; };
		9CBDE81E1883751F001FA2B8 /* iconiTunesArtWork-512@2x.png in Resources */ = {isa = PBXBuildFile; fileRef = 9CBDE80B1883751F001FA2B8 /* iconiTunesArtWork-512@2x.png */; };
		9CE1F73818833ED600395F4F /* socialService.png in Resources */ = {isa = PBXBuildFile; fileRef = 9CE1F73718833ED600395F4F /* socialService.png */; };
		9CE1F73B18833EE400395F4F /* transportation.png in Resources */ = {isa = PBXBuildFile; fileRef = 9CE1F73918833EE400395F4F /* transportation.png */; };
		9CE1F73C18833EE400395F4F /* nyc.png in Resources */ = {isa = PBXBuildFile; fileRef = 9CE1F73A18833EE400395F4F /* nyc.png */; };
		9CE1F73E18833EEE00395F4F /* business.png in Resources */ = {isa = PBXBuildFile; fileRef = 9CE1F73D18833EEE00395F4F /* business.png */; };
		9CE1F74018833EF700395F4F /* info.png in Resources */ = {isa = PBXBuildFile; fileRef = 9CE1F73F18833EF700395F4F /* info.png */; };
		9CE1F74218833F0300395F4F /* recreation.png in Resources */ = {isa = PBXBuildFile; fileRef = 9CE1F74118833F0300395F4F /* recreation.png */; };
		9CE1F7451883422800395F4F /* infoViewController.m in Sources */ = {isa = PBXBuildFile; fileRef = 9CE1F7441883422800395F4F /* infoViewController.m */; };
		9CE1F7481883424F00395F4F /* nycViewController.m in Sources */ = {isa = PBXBuildFile; fileRef = 9CE1F7471883424F00395F4F /* nycViewController.m */; };
/* End PBXBuildFile section */

/* Begin PBXContainerItemProxy section */
		9C4627F818833D9700A3DD6F /* PBXContainerItemProxy */ = {
			isa = PBXContainerItemProxy;
			containerPortal = 9C4627C718833D9600A3DD6F /* Project object */;
			proxyType = 1;
			remoteGlobalIDString = 9C4627CE18833D9600A3DD6F;
			remoteInfo = nyc;
		};
/* End PBXContainerItemProxy section */

/* Begin PBXFileReference section */
		9C4627CF18833D9600A3DD6F /* nyc.app */ = {isa = PBXFileReference; explicitFileType = wrapper.application; includeInIndex = 0; path = nyc.app; sourceTree = BUILT_PRODUCTS_DIR; };
		9C4627D218833D9600A3DD6F /* Foundation.framework */ = {isa = PBXFileReference; lastKnownFileType = wrapper.framework; name = Foundation.framework; path = System/Library/Frameworks/Foundation.framework; sourceTree = SDKROOT; };
		9C4627D418833D9600A3DD6F /* CoreGraphics.framework */ = {isa = PBXFileReference; lastKnownFileType = wrapper.framework; name = CoreGraphics.framework; path = System/Library/Frameworks/CoreGraphics.framework; sourceTree = SDKROOT; };
		9C4627D618833D9600A3DD6F /* UIKit.framework */ = {isa = PBXFileReference; lastKnownFileType = wrapper.framework; name = UIKit.framework; path = System/Library/Frameworks/UIKit.framework; sourceTree = SDKROOT; };
		9C4627DA18833D9600A3DD6F /* nyc-Info.plist */ = {isa = PBXFileReference; lastKnownFileType = text.plist.xml; path = "nyc-Info.plist"; sourceTree = "<group>"; };
		9C4627DC18833D9600A3DD6F /* en */ = {isa = PBXFileReference; lastKnownFileType = text.plist.strings; name = en; path = en.lproj/InfoPlist.strings; sourceTree = "<group>"; };
		9C4627DE18833D9600A3DD6F /* main.m */ = {isa = PBXFileReference; lastKnownFileType = sourcecode.c.objc; path = main.m; sourceTree = "<group>"; };
		9C4627E018833D9600A3DD6F /* nyc-Prefix.pch */ = {isa = PBXFileReference; lastKnownFileType = sourcecode.c.h; path = "nyc-Prefix.pch"; sourceTree = "<group>"; };
		9C4627E118833D9600A3DD6F /* AppDelegate.h */ = {isa = PBXFileReference; lastKnownFileType = sourcecode.c.h; path = AppDelegate.h; sourceTree = "<group>"; };
		9C4627E218833D9600A3DD6F /* AppDelegate.m */ = {isa = PBXFileReference; lastKnownFileType = sourcecode.c.objc; path = AppDelegate.m; sourceTree = "<group>"; };
		9C4627E518833D9600A3DD6F /* Base */ = {isa = PBXFileReference; lastKnownFileType = file.storyboard; name = Base; path = Base.lproj/Main_iPhone.storyboard; sourceTree = "<group>"; };
		9C4627E818833D9600A3DD6F /* Base */ = {isa = PBXFileReference; lastKnownFileType = file.storyboard; name = Base; path = Base.lproj/Main_iPad.storyboard; sourceTree = "<group>"; };
		9C4627ED18833D9600A3DD6F /* Images.xcassets */ = {isa = PBXFileReference; lastKnownFileType = folder.assetcatalog; path = Images.xcassets; sourceTree = "<group>"; };
		9C4627F318833D9600A3DD6F /* nycTests.xctest */ = {isa = PBXFileReference; explicitFileType = wrapper.cfbundle; includeInIndex = 0; path = nycTests.xctest; sourceTree = BUILT_PRODUCTS_DIR; };
		9C4627F418833D9600A3DD6F /* XCTest.framework */ = {isa = PBXFileReference; lastKnownFileType = wrapper.framework; name = XCTest.framework; path = Library/Frameworks/XCTest.framework; sourceTree = DEVELOPER_DIR; };
		9C4627FC18833D9700A3DD6F /* nycTests-Info.plist */ = {isa = PBXFileReference; lastKnownFileType = text.plist.xml; path = "nycTests-Info.plist"; sourceTree = "<group>"; };
		9C4627FE18833D9700A3DD6F /* en */ = {isa = PBXFileReference; lastKnownFileType = text.plist.strings; name = en; path = en.lproj/InfoPlist.strings; sourceTree = "<group>"; };
		9C46280018833D9700A3DD6F /* nycTests.m */ = {isa = PBXFileReference; lastKnownFileType = sourcecode.c.objc; path = nycTests.m; sourceTree = "<group>"; };
		9CBDE7FA1883751F001FA2B8 /* icon-29.png */ = {isa = PBXFileReference; lastKnownFileType = image.png; path = "icon-29.png"; sourceTree = "<group>"; };
		9CBDE7FB1883751F001FA2B8 /* icon-29@2x.png */ = {isa = PBXFileReference; lastKnownFileType = image.png; path = "icon-29@2x.png"; sourceTree = "<group>"; };
		9CBDE7FC1883751F001FA2B8 /* icon-57.png */ = {isa = PBXFileReference; lastKnownFileType = image.png; path = "icon-57.png"; sourceTree = "<group>"; };
		9CBDE7FD1883751F001FA2B8 /* icon-57@2x.png */ = {isa = PBXFileReference; lastKnownFileType = image.png; path = "icon-57@2x.png"; sourceTree = "<group>"; };
		9CBDE7FE1883751F001FA2B8 /* icon-60.png */ = {isa = PBXFileReference; lastKnownFileType = image.png; path = "icon-60.png"; sourceTree = "<group>"; };
		9CBDE7FF1883751F001FA2B8 /* icon-60@2x.png */ = {isa = PBXFileReference; lastKnownFileType = image.png; path = "icon-60@2x.png"; sourceTree = "<group>"; };
		9CBDE8001883751F001FA2B8 /* icon_iPad-29.png */ = {isa = PBXFileReference; lastKnownFileType = image.png; path = "icon_iPad-29.png"; sourceTree = "<group>"; };
		9CBDE8011883751F001FA2B8 /* icon_iPad-29@2x.png */ = {isa = PBXFileReference; lastKnownFileType = image.png; path = "icon_iPad-29@2x.png"; sourceTree = "<group>"; };
		9CBDE8021883751F001FA2B8 /* icon_iPad-40.png */ = {isa = PBXFileReference; lastKnownFileType = image.png; path = "icon_iPad-40.png"; sourceTree = "<group>"; };
		9CBDE8031883751F001FA2B8 /* icon_iPad-40@2x.png */ = {isa = PBXFileReference; lastKnownFileType = image.png; path = "icon_iPad-40@2x.png"; sourceTree = "<group>"; };
		9CBDE8041883751F001FA2B8 /* icon_iPad-50.png */ = {isa = PBXFileReference; lastKnownFileType = image.png; path = "icon_iPad-50.png"; sourceTree = "<group>"; };
		9CBDE8051883751F001FA2B8 /* icon_iPad-50@2x.png */ = {isa = PBXFileReference; lastKnownFileType = image.png; path = "icon_iPad-50@2x.png"; sourceTree = "<group>"; };
		9CBDE8061883751F001FA2B8 /* icon_iPad-72.png */ = {isa = PBXFileReference; lastKnownFileType = image.png; path = "icon_iPad-72.png"; sourceTree = "<group>"; };
		9CBDE8071883751F001FA2B8 /* icon_iPad-72@2x.png */ = {isa = PBXFileReference; lastKnownFileType = image.png; path = "icon_iPad-72@2x.png"; sourceTree = "<group>"; };
		9CBDE8081883751F001FA2B8 /* icon_iPad-76.png */ = {isa = PBXFileReference; lastKnownFileType = image.png; path = "icon_iPad-76.png"; sourceTree = "<group>"; };
		9CBDE8091883751F001FA2B8 /* icon_iPad-76@2x.png */ = {isa = PBXFileReference; lastKnownFileType = image.png; path = "icon_iPad-76@2x.png"; sourceTree = "<group>"; };
		9CBDE80A1883751F001FA2B8 /* iconiTunesArtWork-512.png */ = {isa = PBXFileReference; lastKnownFileType = image.png; path = "iconiTunesArtWork-512.png"; sourceTree = "<group>"; };
		9CBDE80B1883751F001FA2B8 /* iconiTunesArtWork-512@2x.png */ = {isa = PBXFileReference; lastKnownFileType = image.png; path = "iconiTunesArtWork-512@2x.png"; sourceTree = "<group>"; };
		9CE1F73718833ED600395F4F /* socialService.png */ = {isa = PBXFileReference; lastKnownFileType = image.png; path = socialService.png; sourceTree = "<group>"; };
		9CE1F73918833EE400395F4F /* transportation.png */ = {isa = PBXFileReference; lastKnownFileType = image.png; path = transportation.png; sourceTree = "<group>"; };
		9CE1F73A18833EE400395F4F /* nyc.png */ = {isa = PBXFileReference; lastKnownFileType = image.png; path = nyc.png; sourceTree = "<group>"; };
		9CE1F73D18833EEE00395F4F /* business.png */ = {isa = PBXFileReference; lastKnownFileType = image.png; path = business.png; sourceTree = "<group>"; };
		9CE1F73F18833EF700395F4F /* info.png */ = {isa = PBXFileReference; lastKnownFileType = image.png; path = info.png; sourceTree = "<group>"; };
		9CE1F74118833F0300395F4F /* recreation.png */ = {isa = PBXFileReference; lastKnownFileType = image.png; path = recreation.png; sourceTree = "<group>"; };
		9CE1F7431883422800395F4F /* infoViewController.h */ = {isa = PBXFileReference; fileEncoding = 4; lastKnownFileType = sourcecode.c.h; name = infoViewController.h; path = ../infoViewController.h; sourceTree = "<group>"; };
		9CE1F7441883422800395F4F /* infoViewController.m */ = {isa = PBXFileReference; fileEncoding = 4; lastKnownFileType = sourcecode.c.objc; name = infoViewController.m; path = ../infoViewController.m; sourceTree = "<group>"; };
		9CE1F7461883424F00395F4F /* nycViewController.h */ = {isa = PBXFileReference; fileEncoding = 4; lastKnownFileType = sourcecode.c.h; path = nycViewController.h; sourceTree = "<group>"; };
		9CE1F7471883424F00395F4F /* nycViewController.m */ = {isa = PBXFileReference; fileEncoding = 4; lastKnownFileType = sourcecode.c.objc; path = nycViewController.m; sourceTree = "<group>"; };
/* End PBXFileReference section */

/* Begin PBXFrameworksBuildPhase section */
		9C4627CC18833D9600A3DD6F /* Frameworks */ = {
			isa = PBXFrameworksBuildPhase;
			buildActionMask = 2147483647;
			files = (
				9C4627D518833D9600A3DD6F /* CoreGraphics.framework in Frameworks */,
				9C4627D718833D9600A3DD6F /* UIKit.framework in Frameworks */,
				9C4627D318833D9600A3DD6F /* Foundation.framework in Frameworks */,
			);
			runOnlyForDeploymentPostprocessing = 0;
		};
		9C4627F018833D9600A3DD6F /* Frameworks */ = {
			isa = PBXFrameworksBuildPhase;
			buildActionMask = 2147483647;
			files = (
				9C4627F518833D9600A3DD6F /* XCTest.framework in Frameworks */,
				9C4627F718833D9700A3DD6F /* UIKit.framework in Frameworks */,
				9C4627F618833D9700A3DD6F /* Foundation.framework in Frameworks */,
			);
			runOnlyForDeploymentPostprocessing = 0;
		};
/* End PBXFrameworksBuildPhase section */

/* Begin PBXGroup section */
		9C4627C618833D9600A3DD6F = {
			isa = PBXGroup;
			children = (
				9CBDE7F91883751F001FA2B8 /* nycLogoIcons */,
				9C4627D818833D9600A3DD6F /* nyc */,
				9C4627FA18833D9700A3DD6F /* nycTests */,
				9C4627D118833D9600A3DD6F /* Frameworks */,
				9C4627D018833D9600A3DD6F /* Products */,
			);
			sourceTree = "<group>";
		};
		9C4627D018833D9600A3DD6F /* Products */ = {
			isa = PBXGroup;
			children = (
				9C4627CF18833D9600A3DD6F /* nyc.app */,
				9C4627F318833D9600A3DD6F /* nycTests.xctest */,
			);
			name = Products;
			sourceTree = "<group>";
		};
		9C4627D118833D9600A3DD6F /* Frameworks */ = {
			isa = PBXGroup;
			children = (
				9C4627D218833D9600A3DD6F /* Foundation.framework */,
				9C4627D418833D9600A3DD6F /* CoreGraphics.framework */,
				9C4627D618833D9600A3DD6F /* UIKit.framework */,
				9C4627F418833D9600A3DD6F /* XCTest.framework */,
			);
			name = Frameworks;
			sourceTree = "<group>";
		};
		9C4627D818833D9600A3DD6F /* nyc */ = {
			isa = PBXGroup;
			children = (
				9C4627E118833D9600A3DD6F /* AppDelegate.h */,
				9C4627E218833D9600A3DD6F /* AppDelegate.m */,
				9C4627E418833D9600A3DD6F /* Main_iPhone.storyboard */,
				9C4627E718833D9600A3DD6F /* Main_iPad.storyboard */,
				9CE1F7431883422800395F4F /* infoViewController.h */,
				9CE1F7441883422800395F4F /* infoViewController.m */,
				9CE1F7461883424F00395F4F /* nycViewController.h */,
				9CE1F7471883424F00395F4F /* nycViewController.m */,
				9C4627ED18833D9600A3DD6F /* Images.xcassets */,
				9C4627D918833D9600A3DD6F /* Supporting Files */,
			);
			path = nyc;
			sourceTree = "<group>";
		};
		9C4627D918833D9600A3DD6F /* Supporting Files */ = {
			isa = PBXGroup;
			children = (
				9CE1F73618833EC800395F4F /* icons */,
				9C4627DA18833D9600A3DD6F /* nyc-Info.plist */,
				9C4627DB18833D9600A3DD6F /* InfoPlist.strings */,
				9C4627DE18833D9600A3DD6F /* main.m */,
				9C4627E018833D9600A3DD6F /* nyc-Prefix.pch */,
			);
			name = "Supporting Files";
			sourceTree = "<group>";
		};
		9C4627FA18833D9700A3DD6F /* nycTests */ = {
			isa = PBXGroup;
			children = (
				9C46280018833D9700A3DD6F /* nycTests.m */,
				9C4627FB18833D9700A3DD6F /* Supporting Files */,
			);
			path = nycTests;
			sourceTree = "<group>";
		};
		9C4627FB18833D9700A3DD6F /* Supporting Files */ = {
			isa = PBXGroup;
			children = (
				9C4627FC18833D9700A3DD6F /* nycTests-Info.plist */,
				9C4627FD18833D9700A3DD6F /* InfoPlist.strings */,
			);
			name = "Supporting Files";
			sourceTree = "<group>";
		};
		9CBDE7F91883751F001FA2B8 /* nycLogoIcons */ = {
			isa = PBXGroup;
			children = (
				9CBDE7FA1883751F001FA2B8 /* icon-29.png */,
				9CBDE7FB1883751F001FA2B8 /* icon-29@2x.png */,
				9CBDE7FC1883751F001FA2B8 /* icon-57.png */,
				9CBDE7FD1883751F001FA2B8 /* icon-57@2x.png */,
				9CBDE7FE1883751F001FA2B8 /* icon-60.png */,
				9CBDE7FF1883751F001FA2B8 /* icon-60@2x.png */,
				9CBDE8001883751F001FA2B8 /* icon_iPad-29.png */,
				9CBDE8011883751F001FA2B8 /* icon_iPad-29@2x.png */,
				9CBDE8021883751F001FA2B8 /* icon_iPad-40.png */,
				9CBDE8031883751F001FA2B8 /* icon_iPad-40@2x.png */,
				9CBDE8041883751F001FA2B8 /* icon_iPad-50.png */,
				9CBDE8051883751F001FA2B8 /* icon_iPad-50@2x.png */,
				9CBDE8061883751F001FA2B8 /* icon_iPad-72.png */,
				9CBDE8071883751F001FA2B8 /* icon_iPad-72@2x.png */,
				9CBDE8081883751F001FA2B8 /* icon_iPad-76.png */,
				9CBDE8091883751F001FA2B8 /* icon_iPad-76@2x.png */,
				9CBDE80A1883751F001FA2B8 /* iconiTunesArtWork-512.png */,
				9CBDE80B1883751F001FA2B8 /* iconiTunesArtWork-512@2x.png */,
			);
			path = nycLogoIcons;
			sourceTree = "<group>";
		};
		9CE1F73618833EC800395F4F /* icons */ = {
			isa = PBXGroup;
			children = (
				9CE1F73D18833EEE00395F4F /* business.png */,
				9CE1F74118833F0300395F4F /* recreation.png */,
				9CE1F73F18833EF700395F4F /* info.png */,
				9CE1F73918833EE400395F4F /* transportation.png */,
				9CE1F73A18833EE400395F4F /* nyc.png */,
				9CE1F73718833ED600395F4F /* socialService.png */,
			);
			name = icons;
			sourceTree = "<group>";
		};
/* End PBXGroup section */

/* Begin PBXNativeTarget section */
		9C4627CE18833D9600A3DD6F /* nyc */ = {
			isa = PBXNativeTarget;
			buildConfigurationList = 9C46280418833D9700A3DD6F /* Build configuration list for PBXNativeTarget "nyc" */;
			buildPhases = (
				9C4627CB18833D9600A3DD6F /* Sources */,
				9C4627CC18833D9600A3DD6F /* Frameworks */,
				9C4627CD18833D9600A3DD6F /* Resources */,
			);
			buildRules = (
			);
			dependencies = (
			);
			name = nyc;
			productName = nyc;
			productReference = 9C4627CF18833D9600A3DD6F /* nyc.app */;
			productType = "com.apple.product-type.application";
		};
		9C4627F218833D9600A3DD6F /* nycTests */ = {
			isa = PBXNativeTarget;
			buildConfigurationList = 9C46280718833D9700A3DD6F /* Build configuration list for PBXNativeTarget "nycTests" */;
			buildPhases = (
				9C4627EF18833D9600A3DD6F /* Sources */,
				9C4627F018833D9600A3DD6F /* Frameworks */,
				9C4627F118833D9600A3DD6F /* Resources */,
			);
			buildRules = (
			);
			dependencies = (
				9C4627F918833D9700A3DD6F /* PBXTargetDependency */,
			);
			name = nycTests;
			productName = nycTests;
			productReference = 9C4627F318833D9600A3DD6F /* nycTests.xctest */;
			productType = "com.apple.product-type.bundle.unit-test";
		};
/* End PBXNativeTarget section */

/* Begin PBXProject section */
		9C4627C718833D9600A3DD6F /* Project object */ = {
			isa = PBXProject;
			attributes = {
				LastUpgradeCheck = 0500;
				ORGANIZATIONNAME = "Marcelo Sampaio";
				TargetAttributes = {
					9C4627F218833D9600A3DD6F = {
						TestTargetID = 9C4627CE18833D9600A3DD6F;
					};
				};
			};
			buildConfigurationList = 9C4627CA18833D9600A3DD6F /* Build configuration list for PBXProject "nyc" */;
			compatibilityVersion = "Xcode 3.2";
			developmentRegion = English;
			hasScannedForEncodings = 0;
			knownRegions = (
				en,
				Base,
			);
			mainGroup = 9C4627C618833D9600A3DD6F;
			productRefGroup = 9C4627D018833D9600A3DD6F /* Products */;
			projectDirPath = "";
			projectRoot = "";
			targets = (
				9C4627CE18833D9600A3DD6F /* nyc */,
				9C4627F218833D9600A3DD6F /* nycTests */,
			);
		};
/* End PBXProject section */

/* Begin PBXResourcesBuildPhase section */
		9C4627CD18833D9600A3DD6F /* Resources */ = {
			isa = PBXResourcesBuildPhase;
			buildActionMask = 2147483647;
			files = (
				9CBDE8151883751F001FA2B8 /* icon_iPad-40.png in Resources */,
				9CBDE80F1883751F001FA2B8 /* icon-57.png in Resources */,
				9C4627E918833D9600A3DD6F /* Main_iPad.storyboard in Resources */,
				9CE1F73818833ED600395F4F /* socialService.png in Resources */,
				9CE1F74018833EF700395F4F /* info.png in Resources */,
				9CBDE8101883751F001FA2B8 /* icon-57@2x.png in Resources */,
				9CBDE81D1883751F001FA2B8 /* iconiTunesArtWork-512.png in Resources */,
				9CBDE80E1883751F001FA2B8 /* icon-29@2x.png in Resources */,
				9CBDE80D1883751F001FA2B8 /* icon-29.png in Resources */,
				9CE1F74218833F0300395F4F /* recreation.png in Resources */,
				9CBDE8191883751F001FA2B8 /* icon_iPad-72.png in Resources */,
				9CBDE81B1883751F001FA2B8 /* icon_iPad-76.png in Resources */,
				9CBDE8181883751F001FA2B8 /* icon_iPad-50@2x.png in Resources */,
				9C4627EE18833D9600A3DD6F /* Images.xcassets in Resources */,
				9CBDE81E1883751F001FA2B8 /* iconiTunesArtWork-512@2x.png in Resources */,
				9CE1F73E18833EEE00395F4F /* business.png in Resources */,
				9CBDE81C1883751F001FA2B8 /* icon_iPad-76@2x.png in Resources */,
				9CBDE8161883751F001FA2B8 /* icon_iPad-40@2x.png in Resources */,
				9CE1F73B18833EE400395F4F /* transportation.png in Resources */,
				9CBDE81A1883751F001FA2B8 /* icon_iPad-72@2x.png in Resources */,
				9CBDE8111883751F001FA2B8 /* icon-60.png in Resources */,
				9C4627E618833D9600A3DD6F /* Main_iPhone.storyboard in Resources */,
				9CE1F73C18833EE400395F4F /* nyc.png in Resources */,
				9CBDE8171883751F001FA2B8 /* icon_iPad-50.png in Resources */,
				9CBDE8131883751F001FA2B8 /* icon_iPad-29.png in Resources */,
				9C4627DD18833D9600A3DD6F /* InfoPlist.strings in Resources */,
				9CBDE8121883751F001FA2B8 /* icon-60@2x.png in Resources */,
				9CBDE8141883751F001FA2B8 /* icon_iPad-29@2x.png in Resources */,
			);
			runOnlyForDeploymentPostprocessing = 0;
		};
		9C4627F118833D9600A3DD6F /* Resources */ = {
			isa = PBXResourcesBuildPhase;
			buildActionMask = 2147483647;
			files = (
				9C4627FF18833D9700A3DD6F /* InfoPlist.strings in Resources */,
			);
			runOnlyForDeploymentPostprocessing = 0;
		};
/* End PBXResourcesBuildPhase section */

/* Begin PBXSourcesBuildPhase section */
		9C4627CB18833D9600A3DD6F /* Sources */ = {
			isa = PBXSourcesBuildPhase;
			buildActionMask = 2147483647;
			files = (
				9C4627E318833D9600A3DD6F /* AppDelegate.m in Sources */,
				9C4627DF18833D9600A3DD6F /* main.m in Sources */,
				9CE1F7451883422800395F4F /* infoViewController.m in Sources */,
				9CE1F7481883424F00395F4F /* nycViewController.m in Sources */,
			);
			runOnlyForDeploymentPostprocessing = 0;
		};
		9C4627EF18833D9600A3DD6F /* Sources */ = {
			isa = PBXSourcesBuildPhase;
			buildActionMask = 2147483647;
			files = (
				9C46280118833D9700A3DD6F /* nycTests.m in Sources */,
			);
			runOnlyForDeploymentPostprocessing = 0;
		};
/* End PBXSourcesBuildPhase section */

/* Begin PBXTargetDependency section */
		9C4627F918833D9700A3DD6F /* PBXTargetDependency */ = {
			isa = PBXTargetDependency;
			target = 9C4627CE18833D9600A3DD6F /* nyc */;
			targetProxy = 9C4627F818833D9700A3DD6F /* PBXContainerItemProxy */;
		};
/* End PBXTargetDependency section */

/* Begin PBXVariantGroup section */
		9C4627DB18833D9600A3DD6F /* InfoPlist.strings */ = {
			isa = PBXVariantGroup;
			children = (
				9C4627DC18833D9600A3DD6F /* en */,
			);
			name = InfoPlist.strings;
			sourceTree = "<group>";
		};
		9C4627E418833D9600A3DD6F /* Main_iPhone.storyboard */ = {
			isa = PBXVariantGroup;
			children = (
				9C4627E518833D9600A3DD6F /* Base */,
			);
			name = Main_iPhone.storyboard;
			sourceTree = "<group>";
		};
		9C4627E718833D9600A3DD6F /* Main_iPad.storyboard */ = {
			isa = PBXVariantGroup;
			children = (
				9C4627E818833D9600A3DD6F /* Base */,
			);
			name = Main_iPad.storyboard;
			sourceTree = "<group>";
		};
		9C4627FD18833D9700A3DD6F /* InfoPlist.strings */ = {
			isa = PBXVariantGroup;
			children = (
				9C4627FE18833D9700A3DD6F /* en */,
			);
			name = InfoPlist.strings;
			sourceTree = "<group>";
		};
/* End PBXVariantGroup section */

/* Begin XCBuildConfiguration section */
		9C46280218833D9700A3DD6F /* Debug */ = {
			isa = XCBuildConfiguration;
			buildSettings = {
				ALWAYS_SEARCH_USER_PATHS = NO;
				ARCHS = "$(ARCHS_STANDARD_INCLUDING_64_BIT)";
				CLANG_CXX_LANGUAGE_STANDARD = "gnu++0x";
				CLANG_CXX_LIBRARY = "libc++";
				CLANG_ENABLE_MODULES = YES;
				CLANG_ENABLE_OBJC_ARC = YES;
				CLANG_WARN_BOOL_CONVERSION = YES;
				CLANG_WARN_CONSTANT_CONVERSION = YES;
				CLANG_WARN_DIRECT_OBJC_ISA_USAGE = YES_ERROR;
				CLANG_WARN_EMPTY_BODY = YES;
				CLANG_WARN_ENUM_CONVERSION = YES;
				CLANG_WARN_INT_CONVERSION = YES;
				CLANG_WARN_OBJC_ROOT_CLASS = YES_ERROR;
				CLANG_WARN__DUPLICATE_METHOD_MATCH = YES;
				"CODE_SIGN_IDENTITY[sdk=iphoneos*]" = "iPhone Developer";
				COPY_PHASE_STRIP = NO;
				GCC_C_LANGUAGE_STANDARD = gnu99;
				GCC_DYNAMIC_NO_PIC = NO;
				GCC_OPTIMIZATION_LEVEL = 0;
				GCC_PREPROCESSOR_DEFINITIONS = (
					"DEBUG=1",
					"$(inherited)",
				);
				GCC_SYMBOLS_PRIVATE_EXTERN = NO;
				GCC_WARN_64_TO_32_BIT_CONVERSION = YES;
				GCC_WARN_ABOUT_RETURN_TYPE = YES_ERROR;
				GCC_WARN_UNDECLARED_SELECTOR = YES;
				GCC_WARN_UNINITIALIZED_AUTOS = YES;
				GCC_WARN_UNUSED_FUNCTION = YES;
				GCC_WARN_UNUSED_VARIABLE = YES;
				IPHONEOS_DEPLOYMENT_TARGET = 7.0;
				ONLY_ACTIVE_ARCH = YES;
				SDKROOT = iphoneos;
				TARGETED_DEVICE_FAMILY = "1,2";
			};
			name = Debug;
		};
		9C46280318833D9700A3DD6F /* Release */ = {
			isa = XCBuildConfiguration;
			buildSettings = {
				ALWAYS_SEARCH_USER_PATHS = NO;
				ARCHS = "$(ARCHS_STANDARD_INCLUDING_64_BIT)";
				CLANG_CXX_LANGUAGE_STANDARD = "gnu++0x";
				CLANG_CXX_LIBRARY = "libc++";
				CLANG_ENABLE_MODULES = YES;
				CLANG_ENABLE_OBJC_ARC = YES;
				CLANG_WARN_BOOL_CONVERSION = YES;
				CLANG_WARN_CONSTANT_CONVERSION = YES;
				CLANG_WARN_DIRECT_OBJC_ISA_USAGE = YES_ERROR;
				CLANG_WARN_EMPTY_BODY = YES;
				CLANG_WARN_ENUM_CONVERSION = YES;
				CLANG_WARN_INT_CONVERSION = YES;
				CLANG_WARN_OBJC_ROOT_CLASS = YES_ERROR;
				CLANG_WARN__DUPLICATE_METHOD_MATCH = YES;
				"CODE_SIGN_IDENTITY[sdk=iphoneos*]" = "iPhone Developer";
				COPY_PHASE_STRIP = YES;
				ENABLE_NS_ASSERTIONS = NO;
				GCC_C_LANGUAGE_STANDARD = gnu99;
				GCC_WARN_64_TO_32_BIT_CONVERSION = YES;
				GCC_WARN_ABOUT_RETURN_TYPE = YES_ERROR;
				GCC_WARN_UNDECLARED_SELECTOR = YES;
				GCC_WARN_UNINITIALIZED_AUTOS = YES;
				GCC_WARN_UNUSED_FUNCTION = YES;
				GCC_WARN_UNUSED_VARIABLE = YES;
				IPHONEOS_DEPLOYMENT_TARGET = 7.0;
				SDKROOT = iphoneos;
				TARGETED_DEVICE_FAMILY = "1,2";
				VALIDATE_PRODUCT = YES;
			};
			name = Release;
		};
		9C46280518833D9700A3DD6F /* Debug */ = {
			isa = XCBuildConfiguration;
			buildSettings = {
				ASSETCATALOG_COMPILER_APPICON_NAME = AppIcon;
				ASSETCATALOG_COMPILER_LAUNCHIMAGE_NAME = LaunchImage;
				GCC_PRECOMPILE_PREFIX_HEADER = YES;
				GCC_PREFIX_HEADER = "nyc/nyc-Prefix.pch";
				INFOPLIST_FILE = "nyc/nyc-Info.plist";
				IPHONEOS_DEPLOYMENT_TARGET = 6.1;
				PRODUCT_NAME = "$(TARGET_NAME)";
				WRAPPER_EXTENSION = app;
			};
			name = Debug;
		};
		9C46280618833D9700A3DD6F /* Release */ = {
			isa = XCBuildConfiguration;
			buildSettings = {
				ASSETCATALOG_COMPILER_APPICON_NAME = AppIcon;
				ASSETCATALOG_COMPILER_LAUNCHIMAGE_NAME = LaunchImage;
				GCC_PRECOMPILE_PREFIX_HEADER = YES;
				GCC_PREFIX_HEADER = "nyc/nyc-Prefix.pch";
				INFOPLIST_FILE = "nyc/nyc-Info.plist";
				IPHONEOS_DEPLOYMENT_TARGET = 6.1;
				PRODUCT_NAME = "$(TARGET_NAME)";
				WRAPPER_EXTENSION = app;
			};
			name = Release;
		};
		9C46280818833D9700A3DD6F /* Debug */ = {
			isa = XCBuildConfiguration;
			buildSettings = {
				ARCHS = "$(ARCHS_STANDARD_INCLUDING_64_BIT)";
				BUNDLE_LOADER = "$(BUILT_PRODUCTS_DIR)/nyc.app/nyc";
				FRAMEWORK_SEARCH_PATHS = (
					"$(SDKROOT)/Developer/Library/Frameworks",
					"$(inherited)",
					"$(DEVELOPER_FRAMEWORKS_DIR)",
				);
				GCC_PRECOMPILE_PREFIX_HEADER = YES;
				GCC_PREFIX_HEADER = "nyc/nyc-Prefix.pch";
				GCC_PREPROCESSOR_DEFINITIONS = (
					"DEBUG=1",
					"$(inherited)",
				);
				INFOPLIST_FILE = "nycTests/nycTests-Info.plist";
				PRODUCT_NAME = "$(TARGET_NAME)";
				TEST_HOST = "$(BUNDLE_LOADER)";
				WRAPPER_EXTENSION = xctest;
			};
			name = Debug;
		};
		9C46280918833D9700A3DD6F /* Release */ = {
			isa = XCBuildConfiguration;
			buildSettings = {
				ARCHS = "$(ARCHS_STANDARD_INCLUDING_64_BIT)";
				BUNDLE_LOADER = "$(BUILT_PRODUCTS_DIR)/nyc.app/nyc";
				FRAMEWORK_SEARCH_PATHS = (
					"$(SDKROOT)/Developer/Library/Frameworks",
					"$(inherited)",
					"$(DEVELOPER_FRAMEWORKS_DIR)",
				);
				GCC_PRECOMPILE_PREFIX_HEADER = YES;
				GCC_PREFIX_HEADER = "nyc/nyc-Prefix.pch";
				INFOPLIST_FILE = "nycTests/nycTests-Info.plist";
				PRODUCT_NAME = "$(TARGET_NAME)";
				TEST_HOST = "$(BUNDLE_LOADER)";
				WRAPPER_EXTENSION = xctest;
			};
			name = Release;
		};
/* End XCBuildConfiguration section */

/* Begin XCConfigurationList section */
		9C4627CA18833D9600A3DD6F /* Build configuration list for PBXProject "nyc" */ = {
			isa = XCConfigurationList;
			buildConfigurations = (
				9C46280218833D9700A3DD6F /* Debug */,
				9C46280318833D9700A3DD6F /* Release */,
			);
			defaultConfigurationIsVisible = 0;
			defaultConfigurationName = Release;
		};
		9C46280418833D9700A3DD6F /* Build configuration list for PBXNativeTarget "nyc" */ = {
			isa = XCConfigurationList;
			buildConfigurations = (
				9C46280518833D9700A3DD6F /* Debug */,
				9C46280618833D9700A3DD6F /* Release */,
			);
			defaultConfigurationIsVisible = 0;
			defaultConfigurationName = Release;
		};
		9C46280718833D9700A3DD6F /* Build configuration list for PBXNativeTarget "nycTests" */ = {
			isa = XCConfigurationList;
			buildConfigurations = (
				9C46280818833D9700A3DD6F /* Debug */,
				9C46280918833D9700A3DD6F /* Release */,
			);
			defaultConfigurationIsVisible = 0;
			defaultConfigurationName = Release;
		};
/* End XCConfigurationList section */
	};
	rootObject = 9C4627C718833D9600A3DD6F /* Project object */;
}
